# THIS IS AN AUTOGENERATED FILE. DO NOT EDIT THIS FILE DIRECTLY.
assets/14k-rose.jpg:
  development: 2018-11-28T15:40:43-05:00   e9546a678d908bafb590d902eab780a6
assets/14k-white.jpg:
  development: 2018-11-28T15:40:43-05:00   ce61788045684bdab590eda63df01de7
assets/14k-yellow.jpg:
  development: 2018-11-28T15:40:44-05:00   cd6e6dca2ff812fbf4acc6649ab99240
assets/1321.jpg:
  development: 2018-08-07T12:43:08-04:00   d0995e4f39f48855c610ebf25075d3f7
assets/Blue-legwarmer.png:
  development: 2018-08-07T12:43:08-04:00   3d4242113c3c7f3ad2483dab0da2a2d3
assets/amethyst.jpg:
  development: 2018-11-28T15:40:41-05:00   2596272c44f620589696b85b6d2bcc70
assets/animate.css:
  development: 2018-08-07T12:43:08-04:00   2742964ebb01d2ce117e28ea498f6f87
assets/backgrouns.jpg:
  development: 2018-08-07T12:43:08-04:00   39b336e56c6039898b7dbd152ecf7fcc
assets/backhround-header.jpg:
  development: 2018-08-07T12:43:08-04:00   f11dfa7399d9ede99131ecd63245844e
assets/banner-home-bottom-1.jpg:
  development: 2018-08-21T16:04:22-04:00   57468be325b92b3433942fff510c227a
assets/banner-home-bottom-2.jpg:
  development: 2018-08-21T16:04:22-04:00   39db6cf8df72bf80f9182a17d345c258
assets/banner-home-bottom-3.jpg:
  development: 2018-08-23T11:11:17-04:00   3692a4fe3c5e4276c00335e1f36867ea
assets/banner-home-bottom-4.jpg:
  development: 2018-10-09T14:20:11-04:00   87470e820bee62d052ac5a24de406637
assets/banner-home-bottom-5.jpg:
  development: 2018-11-18T19:31:38-05:00   bb3652a5e20267ea7d91863e17632db9
assets/banner-home-bottom-6.jpg:
  development: 2018-11-18T19:31:38-05:00   f3f4268cdf0390804515abc9bf868e9d
assets/banner-home-bottom-7.jpg:
  development: 2018-12-05T12:28:00-05:00   8b91d161e6110b1268c10c7405a8b2ea
assets/banner-sidebar.jpg:
  development: 2018-08-07T12:43:09-04:00   b19d729fe1e9c3ff67e0ae0d7a964062
assets/banner.jpg:
  development: 2018-08-23T11:28:07-04:00   2754dbf8d92499c5274a28ae8035a75b
assets/bg-body.png:
  development: 2018-08-21T16:52:13-04:00   6c491a8d999edf1a0d42960d0b063b6b
assets/bg-footer.png:
  development: 2018-08-07T12:43:09-04:00   4aface74816099ce62ddcba8a4ab8a1c
assets/bg-footer1.png:
  development: 2018-08-07T12:43:09-04:00   4aface74816099ce62ddcba8a4ab8a1c
assets/bg_newsletter.jpg:
  development: 2018-08-22T13:20:51-04:00   5131afed5ec2083b6f2d3bd1013a89ae
assets/bkg-newsletter.jpg:
  development: 2018-08-07T12:43:10-04:00   e9e2485e7d184ce5d0c5f28b0a077947
assets/black-diamond.jpg:
  development: 2018-11-28T15:40:42-05:00   60a1668727a68d400cd76b94a5f852fe
assets/black-stone.jpg:
  development: 2018-11-28T15:40:46-05:00   81924625d1c11034f2272bef13678658
assets/blank.gif:
  development: 2018-08-07T12:43:10-04:00   325472601571f31e1bf00674c368d335
assets/blank.png:
  development: 2018-08-07T12:43:10-04:00   947f17f65f8d60dc5f66235e1bb866f5
assets/bold-bundles.css:
  development: 2019-01-10T13:27:13-05:00   4ff8f587e3775d2ed0a4153ddb151437
assets/bootstrap.min.css:
  development: 2018-08-07T12:43:10-04:00   c89af0a309c8772d174ea4003d80b187
assets/bootstrap.min.js:
  development: 2018-08-07T12:43:10-04:00   ba847811448ef90d98d272aeccef2a95
assets/box-shadow-mobile.png:
  development: 2018-08-07T12:43:10-04:00   e0ff704eba2bc0223e292cae59fb555f
assets/brand1.png:
  development: 2018-08-21T17:10:35-04:00   374a6ec84c71e8943435bfca7030dbf3
assets/brand2.png:
  development: 2018-08-21T17:10:35-04:00   c2b768556eeadc42cc14d121a96fa37c
assets/brand3.png:
  development: 2018-08-21T17:10:35-04:00   78863b346aaeaaa20c6db5579fd0bbaf
assets/brand4.png:
  development: 2018-08-21T17:14:03-04:00   fc8faf284e88c48330532c55c9888784
assets/brand5.png:
  development: 2018-08-21T17:10:35-04:00   59fdb7131c720bb6ae3054c65e788135
assets/brand6.png:
  development: 2018-08-21T17:14:03-04:00   13f7d74482e458a4be74479a7edb1fc8
assets/brand7.png:
  development: 2018-08-21T17:14:03-04:00   ee26685fc8cda2acb8c7d17b2ad382e6
assets/brand8.png:
  development: 2018-08-21T17:17:55-04:00   2d1a3f9dccc8cb16768a5dbbde9c4b0c
assets/brand9.png:
  development: 2018-08-21T17:17:55-04:00   97cb7c29794b1725b12957bfecb9a5e5
assets/brand10.png:
  development: 2018-08-21T17:17:55-04:00   092521a477e820619c055845b65bf8d8
assets/btn-cart01.png:
  development: 2018-08-07T12:43:11-04:00   3155d5dd3d0a51298e50cb8c3b55572f
assets/btn-product.png:
  development: 2018-08-07T12:43:11-04:00   36b8f2d49e4f75131c3e1ea35b87769f
assets/btn-remove01.png:
  development: 2018-08-07T12:43:11-04:00   163ba8e6026050c121fd7150dc4c1ba5
assets/btn-sidebar.png:
  development: 2018-08-07T12:43:12-04:00   be8ab0fdc419d3dcdd4b050a3bacad67
assets/cart-give.png:
  development: 2018-11-08T16:06:46-05:00   dc246d2e6ad75bae9d942308cf07c869
assets/cart-points.png:
  development: 2018-11-08T15:52:09-05:00   a9cade063e1a0a1470bf569490688d35
assets/cart.png:
  development: 2018-10-25T14:13:10-04:00   ecf1bb5c132337fa1497cb102e3aebd8
assets/check-box-checked.png:
  development: 2018-08-07T12:43:12-04:00   ec430fd9573909bd28aa8ea52ae849c7
assets/check-box.png:
  development: 2018-08-07T12:43:12-04:00   85e3a1ebdd4985f14293ffb0ff16d2b9
assets/checkout.css.liquid:
  development: 2018-08-07T12:43:12-04:00   5ce98847d00f85034e7c74873566b1ae
assets/checkout.scss.liquid:
  development: 2018-08-07T12:43:12-04:00   9128ce2b626e57cf0566e402284a7db3
assets/checkout_header_image.jpg:
  development: 2018-08-07T12:43:12-04:00   9deef7da46615a86c333607b195f8214
assets/checkout_logo.png:
  development: 2018-08-07T12:43:12-04:00   f1b3e70a0d7b430ad6dff41c2eca3ca7
assets/classie.js:
  development: 2018-08-07T12:43:12-04:00   723c75fde6dc7bb3ef0f7f12584655a0
assets/clear-stone.jpg:
  development: 2018-11-28T17:27:44-05:00   7db3864912435588033c54933011543e
assets/color-1.png:
  development: 2018-08-07T12:43:12-04:00   e8d1e02a2ca6bd1365546606bb6efcb6
assets/color-2.png:
  development: 2018-08-07T12:43:13-04:00   d70bd70deb32832540e62c8c43303a3c
assets/color-3.png:
  development: 2018-08-07T12:43:13-04:00   f7672da2875f92f2891dc658c26f39b9
assets/color-4.png:
  development: 2018-08-07T12:43:13-04:00   7178a47a9945d7d8454916519f8e898c
assets/color-5.png:
  development: 2018-08-07T12:43:13-04:00   6c278cafa7247f66f838a3fc7e6da312
assets/color-6.png:
  development: 2018-08-07T12:43:13-04:00   50dbb543d8d663d140ba1bf0ec76d901
assets/color-7.png:
  development: 2018-08-07T12:43:13-04:00   5754eda03df4fe55861a22e9944aed3d
assets/color-8.png:
  development: 2018-08-07T12:43:13-04:00   b8dcc48fb4bec22f1f900cdf3618def1
assets/color-9.png:
  development: 2018-08-07T12:43:13-04:00   2175dbcc0554200e93395cf68419390f
assets/component.css:
  development: 2018-08-07T12:43:13-04:00   710282682c930bb220521f4059e8af02
assets/custom_size_chart_content.jpg:
  development: 2018-08-07T12:43:13-04:00   6d54963e53e5736b9d6d5ee7f6c4f633
assets/dropdown_1_menu_image_1.jpg:
  development: 2018-08-16T12:03:08-04:00   ccdbe1267c8031f63603c015ef854304
assets/dropdown_1_menu_image_2.jpg:
  development: 2018-08-16T12:03:09-04:00   ccdbe1267c8031f63603c015ef854304
assets/dropdown_1_menu_image_3.jpg:
  development: 2018-08-16T12:03:09-04:00   cff03a0f61b2bcd4357ecec3c41f8cbf
assets/dropdown_2_menu_image_1.jpg:
  development: 2018-08-07T12:43:14-04:00   5420de69dc9d69af946fcad48e923021
assets/dropdown_2_menu_image_2.jpg:
  development: 2018-08-07T12:43:14-04:00   ebe46110ff6eda9a2c5945c8196ed000
assets/dropdown_2_menu_image_3.jpg:
  development: 2018-08-07T12:43:14-04:00   bd5eae7388c4c6e50ea094f114b212b6
assets/dropdown_3_menu_image_3.jpg:
  development: 2018-08-07T12:43:14-04:00   64fb7af1363a8edf8a5757b21a4bc944
assets/dropdown_5_menu_image_3.jpg:
  development: 2018-08-07T12:43:14-04:00   2ca6fecab8fa002449aef7b584d87b1d
assets/ella.js:
  development: 2018-12-06T10:54:02-05:00   c6c8c5b63a6219f30c83385ce3a877b3
assets/emerald.jpg:
  development: 2018-11-28T15:40:42-05:00   55aa5d01b797af87a544c6682d83df33
assets/evm-lookbook-2018-01-03-Angela-Rye-Octo-Clutch.jpg:
  development: 2018-12-09T18:27:31-05:00   8027a440ad108a25ba39c160b949b30d
assets/evm-lookbook-2018-01-14-Katrina-Law-amanda-pearl-quill-rings-gunmetal.jpg:
  development: 2018-12-09T16:39:31-05:00   22a4ac7db1f166ae95a370812f1fb926
assets/evm-lookbook-2018-02-05-Kiki-Sukezane-amanda-pearl-ripple-rings.jpg:
  development: 2018-12-09T16:39:31-05:00   b4ffded016e4e9f8f4d19e8df72a4e78
assets/evm-lookbook-2018-02-07-Grace-Mahary-Octo-Clutch.jpg:
  development: 2018-12-09T16:39:33-05:00   52e44bfed79643c3bed5f77673a3e2bd
assets/evm-lookbook-2018-02-8-British-VOGUE-Grace-Mahary-amanda-pearl-Octo-Clutch.jpg:
  development: 2018-12-09T16:39:33-05:00   2738812bcd5c5d6e7ba3a0d99db18661
assets/evm-lookbook-2018-02-20-Antoinette-Robertson-amanda-pearl-quad-quill-ring-gunmetal.jpg:
  development: 2018-12-09T16:39:36-05:00   f5ed51ca718feaf7a838c8d979f31b7c
assets/evm-lookbook-2018-02-21-Stephanie-Beatriz-Amanda-Pearl-ripple-cuff.jpg:
  development: 2018-12-09T16:39:36-05:00   284548596f107bf3876630fd774b6300
assets/evm-lookbook-2018-02-GenLux-Amanda-Pearl-white-Pearl-Bypass-Rings-gold.jpg:
  development: 2018-12-09T16:39:39-05:00   d6d8e4fec55a972c4fe4d0691a423e90
assets/evm-lookbook-2018-03-01-Angela-Rye-Amanda-Pearl-Quad-Ring-Roll-Clutch.jpg:
  development: 2018-12-09T16:39:38-05:00   c0995e5e0161881f699e92afdd65007f
assets/evm-lookbook-2018-03-04-Andy-Allo-Amanda-Pearl-Gunmetal-Rings.jpg:
  development: 2018-12-09T16:39:40-05:00   93037e09aabf961d1f457cbb6f13180d
assets/evm-lookbook-2018-03-07-Katrina-Law-amanda-pearl-quill-bypass-ring.jpg:
  development: 2018-12-09T16:39:43-05:00   ff9f298ec8f2a5ff613d347c769557bd
assets/evm-lookbook-2018-03-10-Miss-USA-Kara-McCullough-Amanda-Pearl-Ivory-Octo-Clutch.jpg:
  development: 2018-12-09T16:39:43-05:00   596ad455bbf9320a87bb8efa961de4bd
assets/evm-lookbook-2018-03-11-Madelaine-Petsch-Amanda-Pearl-quad-quill-ring.jpg:
  development: 2018-12-28T14:50:08-05:00   7e19f02299ba33af3fd2a5799a35cd88
assets/evm-lookbook-2018-04-5-Afiya-Bennett-amanda-pearl-Black-Octo-Clutch.jpg:
  development: 2018-12-09T16:39:46-05:00   9b4955f1b8288929147027cec7d1b082
assets/evm-lookbook-2018-04-19-Bellamy-Young-AMANDA-PEARL-Quill-Spike-Earring-Actors-Fund-Benefit-Table-Read.jpg:
  development: 2018-12-09T16:39:47-05:00   0e65e0b1c3268e4211b90736741b86bb
assets/evm-lookbook-2018-04-20-Angela-Rye-amanda-pearl-stone-spiked-urchin-jewelry.jpg:
  development: 2018-12-09T16:39:49-05:00   4e4592236b9da863096a2c3ef7a422b3
assets/evm-lookbook-2018-06-01-Torrey-Devitto-amanda-pearl-quill-bypass-ring-floating-pearl-and-stone-ring-jewelry.jpg:
  development: 2018-12-09T16:39:49-05:00   df85c2f0d9b705f20e3b2231eaab4868
assets/evm-lookbook-2018-06-26-Afiya-Bennett-amanda-pearl-octo-clutch.jpg:
  development: 2018-12-28T14:03:02-05:00   e2b5b69bf6614bd25243a38b8560ab47
assets/evm-lookbook-2018-06-27-WWD-Afiya-Bennett-amanda-pearl-octo-clutch.jpg:
  development: 2018-12-09T16:39:51-05:00   867868cdb986bc17b99512dc72e9b74e
assets/evm-lookbook-2018-06-28-Lela-Loren-amanda-pearl-quill-cuff-gold-jewelry.jpg:
  development: 2018-12-09T16:39:55-05:00   492c6beb085b7e2dc4d12c09176fa9b5
assets/evm-lookbook-2018-07-12-Daily-Front-Row-Emily-Didonato-amanda-pearl-quill-hoop-earrings-gold-silver-jewelry.jpg:
  development: 2018-12-09T16:39:55-05:00   f5b2123e55cc353d52762a6d8892ed6d
assets/evm-lookbook-2018-07-16-Amandla-Stenberg-amanda-pearl-quill-bypass-ring-gold.jpg:
  development: 2018-12-09T16:39:57-05:00   71b952cc181e5df996596b64df6f5241
assets/evm-lookbook-2018-07-18-Angela-Rye-Amanda-Pearl-gold-quill-bracelet-ring-jewelry.jpg:
  development: 2018-12-28T14:03:01-05:00   00665aec748ed646400898ea40047d58
assets/evm-lookbook-2018-08-20-Sarah-Drew-amanda-pearl-quad-quill-ring-with-pearls-gunmetal.jpg:
  development: 2018-12-09T16:39:59-05:00   18dc94652b6b6761d316c7c9bce71451
assets/evm-lookbook-2018-09-04-Taissa-Farmiga-amanda-pearl-octo-clutch.jpg:
  development: 2018-12-09T16:39:59-05:00   f197fe026a87096e7a4c30dee8aa2b13
assets/evm-lookbook-2018-09-05-Juana-Burga-Amanda-Pearl-Octo-Clutch.jpg:
  development: 2018-12-09T16:40:01-05:00   8de067e9c1c82c67b3b4a41787d8e9a4
assets/evm-lookbook-2018-09-08-WWD-Queen-Latifah-Amanda-Pearl-roll-clutch.jpg:
  development: 2018-12-28T14:03:06-05:00   a69435ca885bb7d4d18155f8616d0435
assets/evm-lookbook-2018-10-25-Financial-Times-Amanda-Pearl-Green-Roll-Clutch.jpg:
  development: 2018-12-28T14:03:04-05:00   0a964289758f0ea0f039248c8c8a579f
assets/evm-lookbook-2018-11-5-Us-Weekly-Tatiana-Maslandy.jpg:
  development: 2018-12-09T16:40:05-05:00   ab14e7b40a48140d2279f46c05e2133a
assets/evm-lookbook-2018-11-Harpers-Bazaar-Saudi-Arabia-2.jpg:
  development: 2018-12-09T16:40:05-05:00   075a915bbcd9fde47118a244a54fcc46
assets/evm-lookbook-2018-11-Harpers-Bazaar-Saudi-Arabia-3.jpg:
  development: 2018-12-09T16:40:08-05:00   1064829f8c0b2d0ac3a21c6e6cac8619
assets/evm-lookbook-2018-11-Harpers-Bazaar-Saudi-Arabia-4.jpg:
  development: 2018-12-09T16:40:08-05:00   368ff2fd8b36233997499bb6a53b678a
assets/fancybox_loading.gif:
  development: 2018-08-07T12:43:15-04:00   328cc0f6c78211485058d460e80f4fa8
assets/fancybox_overlay.png:
  development: 2018-08-07T12:43:15-04:00   77aeaa52715b898b73c74d68c630330e
assets/fancybox_sprite.png:
  development: 2018-08-07T12:43:16-04:00   783d4031fe50c3d83c960911e1fbc705
assets/favicon.ico:
  development: 2018-08-07T12:43:16-04:00   61f75be125cbb27b3d5e92882a506fb1
assets/favicon.png:
  development: 2018-12-06T16:20:08-05:00   866754b5ac5492d5d17b42198b3f8262
assets/ft_logo.jpg:
  development: 2018-09-20T13:45:16-04:00   92425af2f47e3170c2fec975229b514d
assets/ft_logo.png:
  development: 2018-09-20T13:46:56-04:00   5039c15a07acb05eaaea543db998efeb
assets/green.png:
  development: 2018-08-07T12:43:16-04:00   89bc35dc41a6c5321450dc871dbf3627
assets/handlebars.min.js:
  development: 2018-08-07T12:43:16-04:00   b3c11508a224ee83f86e2fc6491e9751
assets/header-bg.jpg:
  development: 2018-08-07T12:43:16-04:00   151ed05d0a684188e682958eec98f2ff
assets/header-bg.png:
  development: 2018-08-07T12:43:16-04:00   8df30fe8adc1fdfb1159e2c38b3aaa0b
assets/header_checkout.jpg:
  development: 2018-08-07T12:43:16-04:00   02e51a47388bb0f7df7d00e8488b8b23
assets/i-comment.jpg:
  development: 2018-08-07T12:43:16-04:00   f6b55e27d9b4a26ddd9f2e4747e98ed2
assets/i-lang-1.png:
  development: 2018-08-07T12:43:16-04:00   3d26278264bf370ee65148c1e385405e
assets/i-lang-2.png:
  development: 2018-08-07T12:43:17-04:00   a628e223714a79b0b8d266245d25941a
assets/ico-cart.png:
  development: 2018-08-07T12:43:17-04:00   5ed958a0d7be69d422d32925ed9fc475
assets/ico-view.png:
  development: 2018-08-07T12:43:17-04:00   a86373c052dac454fec0ce19256ca240
assets/icon-cc-american-express.png:
  development: 2018-08-07T12:43:17-04:00   23b9fe719ea2c587dba345e651731968
assets/icon-cc-mastercard.png:
  development: 2018-08-07T12:43:17-04:00   8cbc9da8dc3efee5db256a0c61611178
assets/icon-cc-paypal.png:
  development: 2018-08-07T12:43:17-04:00   43a293ad7a680aac5da3c265ce74d4d1
assets/icon-cc-visa.png:
  development: 2018-08-07T12:43:17-04:00   673e3e2da3d54632239105355a74c092
assets/icon-customers.png:
  development: 2018-08-07T12:43:17-04:00   40e9a151576aee28d186bfb9f67f1b03
assets/icon-customers_2x.png:
  development: 2018-08-07T12:43:17-04:00   60a567ca4961448ebde9430efded78a0
assets/icon-megamenu.png:
  development: 2018-08-07T12:43:17-04:00   b77dd7bed61572cfee4199bb24519f45
assets/icon-menu.png:
  development: 2018-08-07T12:43:18-04:00   1fd363b5901a6eed2755f0c040915021
assets/icon-search_2x.png:
  development: 2018-08-07T12:43:18-04:00   f6e60e9ffee3611d19defbf59c5eb1f4
assets/icon-share01.png:
  development: 2018-08-07T12:43:18-04:00   769b40643f36f3a67bbef1f51c758926
assets/icons_new14.png:
  development: 2018-08-07T12:43:18-04:00   827a32366a0ecf742739200fb0fd0905
assets/icons_new15.png:
  development: 2018-10-25T14:21:07-04:00   da317c36ef2472804eced3d70dd61ecd
assets/img_cat.jpg:
  development: 2018-08-07T12:43:18-04:00   3e7293096d7a9db36ebb92c9e35cf7dd
assets/instafeed.min.js:
  development: 2018-08-07T12:43:18-04:00   0b6a7de95b8d11b23c8e58b12574f696
assets/jcarousel.css:
  development: 2018-08-07T12:43:18-04:00   0391e9bb62231e1df8f6da1e7b2e60b1
assets/jquery-1.4.4.min.js:
  development: 2018-08-07T12:43:18-04:00   67c5aa793a87ace74cc929ae9ac44020
assets/jquery-cookie.min.js:
  development: 2018-08-07T12:43:19-04:00   9bf5c67d44d31905e57b1d1d6a7fcec0
assets/jquery.cart.min.js:
  development: 2018-08-07T12:43:19-04:00   6e7153d71e5b6a288b6d2c9661dd2fb8
assets/jquery.countdown.min.js:
  development: 2018-08-07T12:43:19-04:00   d916245beae3b86e92de0405fc875406
assets/jquery.currencies.min.js:
  development: 2018-08-07T12:43:19-04:00   2a84648f0ddd6f5a0a88a6461077ca7e
assets/jquery.cycle.all.js:
  development: 2018-08-07T12:43:19-04:00   bc7c09ca1c59bcddb875e3138d81dfa6
assets/jquery.elevateZoom-3.0.8.min.js:
  development: 2018-08-16T12:12:20-04:00   f9549f1672ba60938ed3c57b4b654d2f
assets/jquery.fakecrop.js:
  development: 2018-08-07T12:43:19-04:00   470f868020eeab5c1b3f5e696041659a
assets/jquery.fancybox.css:
  development: 2018-08-07T12:43:19-04:00   ab142e2fbffd4ed59a00f10a722d8e32
assets/jquery.fancybox.pack.js:
  development: 2018-08-07T12:43:19-04:00   e2112f4c5098e0a07df68f8536d31d1f
assets/jquery.flexslider-min.js:
  development: 2018-08-07T12:43:19-04:00   3634ce141cc466b1375b7703da53d3f8
assets/jquery.history.js:
  development: 2018-08-07T12:43:20-04:00   85b23b30cba499edfb22ad402f3d5d2b
assets/jquery.jcarousel.latest.min.js:
  development: 2018-08-07T12:43:20-04:00   6221a71cb6ea4433a3aa9beddabbef4d
assets/jquery.pick.js:
  development: 2018-08-07T12:43:20-04:00   f96ddbc0b3ffddf2cbfabf035a5c6889
assets/jquery.products.min.js:
  development: 2018-08-07T12:43:20-04:00   31e7af51b65805116cb8c28834cd98dc
assets/jquery.reveal.js:
  development: 2018-08-07T12:43:20-04:00   62b20d6529ef30f653708607d0a5bb93
assets/jquery.touchwipe.js:
  development: 2018-08-07T12:43:20-04:00   6fd185b32aa7350df54fd1d56b04700d
assets/lang2.js:
  development: 2018-08-07T12:43:20-04:00   0f9bbf8de424c505b2e7f389687c96a0
assets/lb_slideshow_1.jpg:
  development: 2018-08-07T12:43:21-04:00   ae9dbacc8831eae56fae74d6c45419e2
assets/lb_slideshow_2.jpg:
  development: 2018-08-07T12:43:21-04:00   b5796f260a0ecc9637e17a7adbba8838
assets/lb_slideshow_3.jpg:
  development: 2018-08-07T12:43:21-04:00   d0200c5c436c7711b9e8c639fe774bc4
assets/line-menu.jpg:
  development: 2018-08-07T12:43:21-04:00   8eec80bd8a796de8f2502e7513453f32
assets/loading.gif:
  development: 2018-08-07T12:43:21-04:00   4f0d7a057ab9bf47148d131d6823bc61
assets/logo.png:
  development: 2018-08-07T12:44:09-04:00   dcec396a2cb69718aad48a3562492c7f
assets/logo_2x.png:
  development: 2018-08-07T12:44:09-04:00   dcec396a2cb69718aad48a3562492c7f
assets/logo_fix.png:
  development: 2018-08-07T12:44:09-04:00   b3873319e4b92d961420a3453c07624a
assets/m_cart-points.png:
  development: 2018-12-05T15:52:52-05:00   870db37cc13ce3182b7e16c4ecd997a9
assets/mobile-left.jpg:
  development: 2018-08-07T12:43:22-04:00   5125843ecb895d4132039f5b90b9fee6
assets/mobile-right.jpg:
  development: 2018-08-07T12:43:22-04:00   970c8377c6f249dbbd178daf8899562b
assets/modal-gloss.png:
  development: 2018-08-07T12:43:22-04:00   14ac18a2f0348c88734800f89bba0fdc
assets/modernizr.custom.js:
  development: 2018-08-07T12:43:22-04:00   02009db489ef4805210aafa21a6b8276
assets/owl.carousel.css:
  development: 2018-08-07T12:43:22-04:00   fb4cef8053626589abe0191f2a90ce60
assets/owl.carousel.min.js:
  development: 2018-08-07T12:43:22-04:00   2fec2de7cc7d2d9a66130311f52b5db8
assets/owl.theme.css:
  development: 2018-08-07T12:43:22-04:00   643ab047444253b543b9c77861b7207c
assets/retina-responsive.css.liquid:
  development: 2018-08-07T12:43:22-04:00   e4f36c7c01dfd8aa408d7a6329b64d37
assets/reveal.css:
  development: 2018-12-19T10:43:38-05:00   33eabc0a7f1229492986585d0f0fa68f
assets/ruby.jpg:
  development: 2018-11-28T15:40:44-05:00   e5dee8c708af81f6ee2f6991da7f2333
assets/sapphire.jpg:
  development: 2018-11-28T15:40:45-05:00   c9ef50c30cbdb57702ec63753ea1726e
assets/selectize.bootstrap3.css:
  development: 2018-08-07T12:43:22-04:00   a1f98c242688f482efe50a0a2ee2ed56
assets/selectize.min.js:
  development: 2018-08-07T12:43:23-04:00   2cf21830bef2203e6853a019022574b7
assets/share_email_image.png:
  development: 2018-08-07T12:43:23-04:00   55b8d7e54a87ef26d7b5fb6beb096a63
assets/slideshow_1.jpg:
  development: 2018-08-31T11:01:02-04:00   03bd22217bf90510cb93192cdafc29a7
assets/slideshow_2.jpg:
  development: 2018-08-22T15:00:26-04:00   1652a2be80b8aacd629c17064a5efd04
assets/slideshow_3.jpg:
  development: 2018-08-23T11:11:19-04:00   805f5ba83a4a906f49a59c0e79f29399
assets/social.png:
  development: 2018-08-07T12:43:23-04:00   ddcf77b292c7cfa6e12ffef67812407e
assets/social_icon_1.png:
  development: 2018-08-07T12:43:23-04:00   f026415af4e40668639116e0e6fd7522
assets/social_icon_2.png:
  development: 2018-08-07T12:43:23-04:00   757c17dd66997a9b87e68894a619c36f
assets/social_icon_3.png:
  development: 2018-08-07T12:43:23-04:00   a7791b832064eff2540a3f7a36afd59a
assets/social_icon_4.png:
  development: 2018-08-07T12:43:23-04:00   2699b6659b46e081744003f3965a555f
assets/social_icon_5.png:
  development: 2018-08-07T12:43:24-04:00   48f47e1e50c3c2b46e2899a21c7e20e2
assets/social_icon_6.png:
  development: 2018-08-07T12:43:24-04:00   3c2900e5772ffca4ed77f7df39b1da50
assets/soldout.png:
  development: 2018-08-07T12:43:24-04:00   6a7697db19e17aae7568e216c2b365af
assets/tahitian-pearl.jpg:
  development: 2018-11-28T15:40:41-05:00   6843c7ee3d9ae278e87130e0890668a3
assets/text-title.png:
  development: 2018-08-07T12:43:24-04:00   406f56e52b9ef84002ef9cf2f4b89898
assets/theme-styles-responsive.css.liquid:
  development: 2019-01-07T12:42:53-05:00   7c6102a2900ad44eea5c6d909bc29168
assets/theme-styles-setting.css.liquid:
  development: 2018-11-12T22:34:26-05:00   40760adbdcd51aade0189b08852bf1ad
assets/theme-styles.css.liquid:
  development: 2018-12-28T15:56:53-05:00   75168601fa25b69374fb44daab974c10
assets/top-banner-home-1.jpg:
  development: 2018-08-21T16:04:21-04:00   7289fbf08f418ce084cff674ac295beb
assets/top-banner-home-2.jpg:
  development: 2018-08-07T13:11:30-04:00   4909e288757e9417d5a1e7c382154830
assets/top-banner-home-3.jpg:
  development: 2018-08-07T13:11:30-04:00   4909e288757e9417d5a1e7c382154830
assets/white-diamond.jpg:
  development: 2018-11-28T17:27:45-05:00   7db3864912435588033c54933011543e
assets/white-pearl.jpg:
  development: 2018-11-28T15:40:46-05:00   f1df57b8507d2e536ff1cc57f7b0ccfe
assets/wizard-2.png:
  development: 2018-08-07T12:43:25-04:00   e04a2c87a39109901ec799333e54270d
assets/wizard.png:
  development: 2018-08-07T12:43:25-04:00   e04a2c87a39109901ec799333e54270d
assets/wizard_2x.png:
  development: 2018-08-07T12:43:25-04:00   20e77d83f53bccf1ddf81003e98ba191
assets/wow.min.js:
  development: 2018-08-07T12:43:25-04:00   8ad2440610b7528e2d4e982686c4cd18
config/settings_data.json:
  development: 2019-01-10T12:05:55-05:00   33afa7763866428b9c905d7ca5bb0dc2
config/settings_schema.json:
  development: 2018-08-23T16:01:21-04:00   68a8027f2c797a3cd97bac75df40f162
layout/SWYM_BACKUP_theme.liquid:
  development: 2018-12-06T15:16:44-05:00   f41c7009b003d1b06a7612215c70f5ae
layout/theme.liquid:
  development: 2018-12-28T15:49:33-05:00   734f31f4d26458bd74d363b617daacaf
locales/de.json:
  development: 2018-08-07T12:43:26-04:00   8e902498fa748acb997bdb7e370795dd
locales/en.default.json:
  development: 2019-01-10T14:22:49-05:00   cc6e7c83fe7f0055c0dd4a944dcb4af8
locales/es.json:
  development: 2018-08-07T12:43:26-04:00   6e08dbc43de99427917884b4cad1bd56
locales/fr.json:
  development: 2018-08-07T12:43:26-04:00   3b3bdbbaca56ac0515272726f9bbdd18
locales/pt-BR.json:
  development: 2018-08-07T12:43:26-04:00   bf3fce6f7cc80da451762f5cb70e94e2
locales/pt-PT.json:
  development: 2018-08-07T12:43:26-04:00   52176196415a5df6015132e66cd97e1d
locales/ur.json:
  development: 2018-08-07T12:43:26-04:00   99914b932bd37a50b983c5e7c90ae93b
snippets/blog_sidebar.liquid:
  development: 2018-08-07T12:43:26-04:00   41b3247e371227681e66666d38a95e62
snippets/bold-cart-item.liquid:
  development: 2018-09-18T14:09:01-04:00   35e48cbf7e603ed4beaeb13574b5df36
snippets/bold-cart.liquid:
  development: 2018-09-18T14:09:00-04:00   abaf0ba5de31fb6383a1ed3f8d8b97fb
snippets/bold-common.liquid:
  development: 2019-01-10T13:31:10-05:00   d9d344c5da392452a848bc4b361ada56
snippets/bold-pb-custom.liquid:
  development: 2018-11-19T12:08:05-05:00   c761ca797ff45170cef1170e6eeb50cb
snippets/bold-product.liquid:
  development: 2018-11-19T11:44:26-05:00   9123b689dcd5f9d4b203840da2ca3898
snippets/bold-variant.liquid:
  development: 2018-11-19T11:44:27-05:00   992b7f33d59e504fd6b9e67f5dc5d203
snippets/brands.liquid:
  development: 2018-12-06T10:41:00-05:00   64d21a30f5239bdab7209d654144316a
snippets/breadcrumb.liquid:
  development: 2018-08-07T12:43:26-04:00   235323195a63d6d8928f7cfd2c08f042
snippets/cart-points.liquid:
  development: 2018-11-08T15:49:54-05:00   403467ea339a2a94516ebf8aac86004d
snippets/collection-grid-item.liquid:
  development: 2018-08-07T12:43:26-04:00   25071b7ac76372a4dc061ceda8e5db70
snippets/collection-header.liquid:
  development: 2018-08-07T12:43:26-04:00   b30aba99f974dea27e2e154b606b5324
snippets/collection-sidebar-banner-block.liquid:
  development: 2018-08-07T12:43:26-04:00   7830876ea1638458bcb4a909aba56c5d
snippets/collection-sidebar-custom-cms-block.liquid:
  development: 2018-08-07T12:43:26-04:00   031eaf87de539be0505d24dcfd215a96
snippets/collection-sidebar-featured-products.liquid:
  development: 2018-09-18T14:08:55-04:00   a43cf269cf0dc7a430fa2334c3f24ea0
snippets/collection-sidebar-shop-by-blocks.liquid:
  development: 2018-10-04T21:10:38-04:00   db01ed237a51a1e4dd358cf338d25e1a
snippets/collection-sidebar.liquid:
  development: 2018-11-12T15:38:19-05:00   1992eb32920644fa9be2f8bf309fd3b7
snippets/collection-sort.liquid:
  development: 2018-10-04T21:10:14-04:00   97a3371f82e98a988988d8a7accb9101
snippets/collection-tags.liquid:
  development: 2018-08-07T12:43:27-04:00   fb083360c9aa35b105afc41892f26ee3
snippets/comment.liquid:
  development: 2018-08-07T12:43:27-04:00   1396f3f7dacab95e2a03196d28f5d592
snippets/customer_links.liquid:
  development: 2018-12-07T13:26:26-05:00   a6597b7d000b27e4802906b5a952b27e
snippets/dev.liquid:
  development: 2018-08-23T16:01:17-04:00   98e07471e03863abd834cf3f9f8bc68d
snippets/fb-open-graph-tags.liquid:
  development: 2018-08-07T12:43:27-04:00   ceeb688908d12511d61380a5d126f59f
snippets/footer-points.liquid:
  development: 2018-12-04T10:17:48-05:00   edea7d39144a062d928f18a1caa84345
snippets/footer.liquid:
  development: 2018-12-13T22:06:44-05:00   73139498036d6eb39b221c5cb8700ded
snippets/footer_scripts.liquid:
  development: 2018-08-07T12:43:27-04:00   d883c149091371afccc55c3117e255a7
snippets/form-errors-custom.liquid:
  development: 2018-08-07T12:43:27-04:00   b0297cd02794b38ebfe512064ca4330b
snippets/head_fonts.liquid:
  development: 2018-08-07T12:43:27-04:00   df58cb54d954154f6867549732259fcd
snippets/head_scripts.liquid:
  development: 2018-12-06T10:49:27-05:00   e8aef12bb8546922c64ec65f98d54414
snippets/head_styles.liquid:
  development: 2018-08-07T12:43:27-04:00   e23d4c2da964942ea3f4dffaaa8b9587
snippets/header-mobile.liquid:
  development: 2018-12-14T01:48:00-05:00   c72c90fc5b9450c922385ef5709fe95f
snippets/header.liquid:
  development: 2018-12-28T15:48:39-05:00   dfefc7a280f5820abeec274a5823756c
snippets/homepage-block-banner.liquid:
  development: 2018-11-08T16:35:34-05:00   8c73aea1ef468553edc1e3aff2861f28
snippets/homepage-block-new-arrivals.liquid:
  development: 2018-09-18T14:08:59-04:00   871cef38e1372d729c46eed6e89cc76e
snippets/homepage-block-newsletter.liquid:
  development: 2018-08-07T12:43:27-04:00   53a11847e2955d9089ff939bcd2bcf5d
snippets/homepage-block-three-banner-bottom.liquid:
  development: 2018-08-23T15:59:31-04:00   44be9c77208ed935d9a3a72b7fb77392
snippets/homepage-block-three-banner.liquid:
  development: 2018-08-07T13:41:44-04:00   8e0d7d37ada3e2fcfa08192ac2e6e1f9
snippets/homepage-block-trending.liquid:
  development: 2018-11-08T16:31:38-05:00   c24df492c0ed42b8c12e92ac671cf4a9
snippets/homepage-flexslider.liquid:
  development: 2018-11-08T16:33:59-05:00   d164ef339f14105d66305f57091a679d
snippets/homepage-instagram.liquid:
  development: 2018-08-23T15:50:11-04:00   d3f99c6be733cc388823c5566197e4ed
snippets/item-swatch.liquid:
  development: 2018-11-28T15:55:11-05:00   e6068a25f34fdb5c9891ae7f4ffdcc77
snippets/linklists.liquid:
  development: 2018-08-07T12:43:28-04:00   92122bba4745dea5ea0fed17f76c82ef
snippets/mega-menu-featured-product.liquid:
  development: 2018-08-07T12:43:28-04:00   34b096e5b8dd468986a9a76f5e4cbd27
snippets/mega-menu-product-grid.liquid:
  development: 2018-09-18T14:08:52-04:00   15f979a9c8679c8b54ff25a52a1988bb
snippets/mega-menu.liquid:
  development: 2018-08-28T14:34:11-04:00   647c1c554ef23103b2f4a4514aff52ce
snippets/message-modal.liquid:
  development: 2018-10-10T17:41:23-04:00   90acd4de268b5be8cb4a44d86aa857a6
snippets/new-currency-picker.liquid:
  development: 2018-08-07T12:43:28-04:00   3524006aeab3c047d6f82a0bf6d11dfa
snippets/new-currency.liquid:
  development: 2018-08-07T12:43:28-04:00   a55ab8921ccb30abae264a1f88f90580
snippets/newsletter-form.liquid:
  development: 2018-08-07T12:43:28-04:00   9fd53cb805dc769a31a9526260221caa
snippets/newsletter.liquid:
  development: 2018-08-07T12:43:28-04:00   0a5451759d3eefdf5c20bf26865f1380
snippets/original-about.liquid:
  development: 2018-12-05T16:23:00-05:00   9626b28bd26bda85bbf2df2111579092
snippets/pagination-page.liquid:
  development: 2018-08-07T12:43:28-04:00   b7bd996f63b562f0d15bf91039469e29
snippets/pagination.liquid:
  development: 2018-08-07T12:43:28-04:00   2043447a0080b81648466cc9c5cf97f7
snippets/payment_methods.liquid:
  development: 2018-08-07T12:43:28-04:00   bc8508467ccaf1ba072cb4acf060befb
snippets/product-grid-item-sidebar.liquid:
  development: 2018-09-18T14:08:53-04:00   05ae2d98c7a8cb096524f93b697dcd8d
snippets/product-grid-item.liquid:
  development: 2018-12-21T12:52:10-05:00   fbc3d05d5a3abdb9c8622fc51fb0f6e4
snippets/product-list-item.liquid:
  development: 2018-09-18T14:08:53-04:00   b52741522beb9c47a78b671fcdf0bd1a
snippets/product-sidebar.liquid:
  development: 2018-08-07T12:43:29-04:00   b35f3fb77318f2be1761c99741a8f427
snippets/quick-view-template.liquid:
  development: 2018-12-20T14:23:18-05:00   013c346b47fd9301fd3823c13bbde84b
snippets/recently-viewed-products.liquid:
  development: 2019-01-09T15:07:10-05:00   06b3ee0f1b010e34be9bf6aafe24feb6
snippets/related-products-by-tags.liquid:
  development: 2018-12-06T10:43:54-05:00   6a3756f3066dcfac21a7491b45d11116
snippets/related-products.liquid:
  development: 2018-12-06T10:43:58-05:00   0430ab100d442dac3bfa122d287cb4b2
snippets/search-bar-modal.liquid:
  development: 2018-12-19T10:48:57-05:00   4bf3f7ae44851312aa805b59c4d70d70
snippets/search-bar.liquid:
  development: 2018-08-07T12:43:29-04:00   98ebad34c8e08b8b9d6c1b70a6983344
snippets/search-mobile.liquid:
  development: 2018-12-11T11:55:23-05:00   d75ccc6897b450919939cc10af9d3e47
snippets/search-result-grid.liquid:
  development: 2018-11-19T11:44:25-05:00   1f389fd22503fbb60039406cfb59c688
snippets/search-result.liquid:
  development: 2018-09-18T14:08:59-04:00   115a8d2db4650b582f83f8d879a7f628
snippets/searchanise-navigation.liquid:
  development: 2018-08-07T12:55:03-04:00   bcac4a01178020ed1b41a7aa6fe0b98b
snippets/shappify-bdl-load-bundle.liquid:
  development: 2018-09-18T14:09:00-04:00   52261808f0c4e19d882ebdfdd3195c4a
snippets/share.liquid:
  development: 2018-08-07T12:43:29-04:00   c765e6fda39f9e2574158e3659ba0bb2
snippets/shipping-rates-calculator.liquid:
  development: 2018-08-07T12:43:29-04:00   5dc36a47e7ea4c3293801b2bd0af3473
snippets/site-nav-mobile.liquid:
  development: 2018-12-19T10:52:19-05:00   7a0d808a4d35b7265b5071580f2ce5f8
snippets/site-nav.liquid:
  development: 2018-11-29T17:04:29-05:00   ba3d35285c10fbf46b4cf554ef955984
snippets/social.liquid:
  development: 2018-08-07T12:43:30-04:00   a5b4d7e7a8a968745d2a449f42ca7759
snippets/spurit_po-cart-snippet.liquid:
  development: 2018-12-07T14:58:54-05:00   3111f70b84668794264167174e08f172
snippets/spurit_po-collection-snippet.liquid:
  development: 2018-12-07T14:59:09-05:00   a2b6168dc87fffaa142cdf37b758459e
snippets/spurit_po-product-snippet.liquid:
  development: 2018-12-07T14:59:31-05:00   13fb0f9dd145fc5261e20854e9c4648b
snippets/swatch.liquid:
  development: 2018-11-29T12:05:33-05:00   e56c28d6a9695787c56736dfbae4b8cd
snippets/swatch_scripts.liquid:
  development: 2018-08-07T12:43:30-04:00   165c736f88f421df154a6e3181673426
snippets/sweettooth-tab-widget.liquid:
  development: 2018-08-07T12:43:30-04:00   45c64f5bd8c87838fb1091a78a2c44e0
snippets/sweettooth-widgets.liquid:
  development: 2018-08-07T12:43:30-04:00   895c223d2368414d57a3ce9b05bcaea5
snippets/swym-product-view.liquid:
  development: 2018-12-06T15:16:44-05:00   663b26ad7e7cb8e45e83ebce3ad4d762
snippets/swymSnippet.liquid:
  development: 2018-12-06T15:16:44-05:00   e251b25a1b227e1f38d3ace198b21ffc
snippets/tags-article.liquid:
  development: 2018-08-07T12:43:30-04:00   37d5bbd00533ac168de20610a919d970
snippets/toolbar-list.liquid:
  development: 2018-08-07T12:43:30-04:00   9a07241ee5df36dd74f6cefabd0914df
snippets/toolbar.liquid:
  development: 2018-08-07T12:43:30-04:00   2210fe729524b914d8bca98aeec9771a
snippets/top-cart-desktop.liquid:
  development: 2018-12-02T17:09:46-05:00   89b5ea9f21821a70c60ee5327b1018c4
snippets/top-cart.liquid:
  development: 2018-08-07T12:43:30-04:00   3840989e38710c0de84c5e5f11f8b0de
snippets/translator.liquid:
  development: 2018-08-07T12:43:30-04:00   00228de5804f0c0612f6e577475e2fd7
snippets/twitter-card.liquid:
  development: 2018-08-07T12:43:30-04:00   6584fb23660371fdc402f1d25a33e6db
snippets/variant-grid-item.liquid:
  development: 2018-11-06T16:20:13-05:00   996c4f990d1f4b7db2d8fae79e603499
snippets/varies_from.liquid:
  development: 2018-08-07T12:43:30-04:00   dd72ff5f676334d6efd059674faa58cc
snippets/widget_article.liquid:
  development: 2018-08-07T12:43:30-04:00   d5a7d62d6ed75c723d4972143c2759fb
snippets/wishlist-page.liquid:
  development: 2018-08-07T12:43:30-04:00   3243c25147f4c3b5e74a8f9ddb22a27b
snippets/wishlist-product-search.liquid:
  development: 2018-08-07T12:43:30-04:00   30c13c040bd2e2a782cd72a38c1724f5
snippets/wishlist-product.liquid:
  development: 2018-08-07T12:43:30-04:00   efecdf72025f0a5f5102666c5358a05c
templates/404.liquid:
  development: 2018-08-07T12:43:31-04:00   419696c7a5539b2643355747df9a41ca
templates/article.liquid:
  development: 2018-08-16T12:52:10-04:00   5c2f6ce8dd87a205a462bf30c7c4ac3b
templates/blog.liquid:
  development: 2018-11-29T19:02:17-05:00   3f32a5508742d3508e87cd9b326d8159
templates/cart.liquid:
  development: 2018-12-07T15:01:02-05:00   05d95c715de7e0b39fdc6b8263517cb9
templates/collection.16.liquid:
  development: 2018-09-18T14:08:56-04:00   a3bee72ffc81fbae839c6241f9be72c5
templates/collection.32.liquid:
  development: 2018-09-18T14:08:56-04:00   86c32656b053a9efca78f67f860d0c5a
templates/collection.all.liquid:
  development: 2018-09-18T14:08:57-04:00   68bed979b0511c6bfeccf7d6869330f4
templates/collection.bundles.liquid:
  development: 2018-12-20T17:01:33-05:00   788bcd1158080b43d252f5c4f25712c7
templates/collection.liquid:
  development: 2018-12-28T15:55:50-05:00   aff45c3b39b051aaa557636a2db06f1e
templates/collection.list.liquid:
  development: 2018-09-18T14:08:57-04:00   ade4da62d5324e530470075221fd73eb
templates/collection.list12.liquid:
  development: 2018-09-18T14:08:57-04:00   5f959271eed4234b78e21ae07edab105
templates/collection.list16.liquid:
  development: 2018-09-18T14:08:58-04:00   109be04aa5941a9eae61f5f24d26743e
templates/collection.list32.liquid:
  development: 2018-09-18T14:08:58-04:00   2e4b987426fb129b9931d4a35aa7a6a7
templates/collection.listall.liquid:
  development: 2018-09-18T14:08:58-04:00   98d1fa7de17a8b7a7bc9bc9329375f7f
templates/collection.singlebundle.liquid:
  development: 2018-12-17T15:56:27-05:00   47dceafb12ee59b0fdb54c965f406c20
templates/customers/account.liquid:
  development: 2018-12-07T13:25:44-05:00   6a16c4a49c86e2169f4ba8f026b8a65c
templates/customers/activate_account.liquid:
  development: 2018-08-07T12:43:31-04:00   5ac41490c6ce943e93e7e5ca16f837b7
templates/customers/addresses.liquid:
  development: 2018-08-07T12:43:31-04:00   51648d3d53847cf8777116396c054e15
templates/customers/login.liquid:
  development: 2018-08-07T12:43:31-04:00   9123f02dbea746646fac71e86bb83c84
templates/customers/order.liquid:
  development: 2018-08-07T12:43:31-04:00   fedc5d29e15ed34413607528f535477b
templates/customers/register.liquid:
  development: 2018-08-07T12:43:32-04:00   b8774a46d99808cdc457d7e98e4fe081
templates/customers/reset_password.liquid:
  development: 2018-08-07T12:43:32-04:00   da9f579f4095c29a67dc9600e90f0939
templates/gift_card.liquid:
  development: 2018-08-07T12:43:33-04:00   b01bce4d6b8a5b4620b34ef67c99071c
templates/index.liquid:
  development: 2018-12-04T10:17:29-05:00   0d0ff4275308c6fa806f007a359c22cc
templates/list-collections.liquid:
  development: 2018-08-07T12:43:32-04:00   763a64bf3e61c811b15498d0f2e35373
templates/page.about.liquid:
  development: 2019-01-08T16:52:29-05:00   795dbee84f7103bb1f3c1009f35fc250
templates/page.contact.liquid:
  development: 2018-08-07T12:43:32-04:00   68c40bd3d403f38196568d0cb78a72df
templates/page.full-width.liquid:
  development: 2018-09-18T14:24:01-04:00   90a89a12ca32775f826c764c066e2760
templates/page.instagram.liquid:
  development: 2018-08-28T14:44:30-04:00   a591922c22a1bd7c5ce981d854e00177
templates/page.liquid:
  development: 2018-08-07T12:43:32-04:00   c2beb8bcedbe324b03ad1bc16e56f20d
templates/page.lookbook.liquid:
  development: 2018-08-07T12:43:32-04:00   33a62eec6693ee61aaf7b29219658a35
templates/page.press.liquid:
  development: 2019-01-08T16:49:29-05:00   3b22057a9e163d00e7ec3f741c6e832f
templates/page.wish-list.liquid:
  development: 2018-08-07T12:43:32-04:00   e60d0cb9269ec5e3a2e92466d368332b
templates/product.liquid:
  development: 2019-01-08T14:23:37-05:00   e8981ab1decb99a896a18f8149e2dadc
templates/search.liquid:
  development: 2019-01-09T15:10:28-05:00   972780643804706edc282965d73c9ea5
